hash: ec0a107208234d247a72da87f7746419a86fa2276738692f9c7e8e37973a0385
updated: 2018-06-19T10:44:22.990314+02:00
imports:
- name: github.com/akamai/AkamaiOPEN-edgegrid-golang
  version: 196fbdab2db66d0e231cc363efb63454f55fed1c
  subpackages:
  - client-v1
  - edgegrid
  - jsonhooks-v1
- name: github.com/fatih/color
  version: 5b77d2a35fb0ede96d138fc9a99f5c9b6aef11b4
- name: github.com/go-ini/ini
  version: 06f5f3d67269ccec1fe5fe4134ba6e982984f7f5
- name: github.com/google/uuid
  version: 064e2069ce9c359c118179501254f67d7d37ba24
- name: github.com/mattn/go-colorable
  version: 5411d3eea5978e6cdc258b30de592b60df6aba96
- name: github.com/mattn/go-isatty
  version: 57fdcb988a5c543893cc61bce354a6e24ab70022
- name: github.com/mitchellh/go-homedir
  version: b8bc1bf767474819792c23f32d8286a45736f1c6
- name: github.com/sirupsen/logrus
  version: c155da19408a8799da419ed3eeb0cb5db0ad5dbc
- name: github.com/urfave/cli
  version: cfb38830724cc34fedffe9a2a29fb54fa9169cd1
- name: golang.org/x/crypto
  version: d6449816ce06963d9d136eee5a56fca5b0616e7e
  subpackages:
  - ssh/terminal
- name: golang.org/x/sys
  version: 9d4e42a20653790449273b3c85e67d6d8bae6e2e
  subpackages:
  - unix
  - windows
testImports: []
